Microsoft Visual Studio Solution File, Format Version 12.00
# Visual Studio Version 17
VisualStudioVersion = 17.5.2.0
MinimumVisualStudioVersion = 10.0.40219.1
Project("{FAE04EC0-301F-11D3-BF4B-00C04F79EFBC}") = "pasjans", "pasjans.csproj", "{9CAD1A8E-81BA-CA81-6747-843DA61E2D49}"
EndProject
Global
	GlobalSection(SolutionConfigurationPlatforms) = preSolution
		Debug|Any CPU = Debug|Any CPU
		Release|Any CPU = Release|Any CPU
	EndGlobalSection
	GlobalSection(ProjectConfigurationPlatforms) = postSolution
		{9CAD1A8E-81BA-CA81-6747-843DA61E2D49}.Debug|Any CPU.ActiveCfg = Debug|Any CPU
		{9CAD1A8E-81BA-CA81-6747-843DA61E2D49}.Debug|Any CPU.Build.0 = Debug|Any CPU
		{9CAD1A8E-81BA-CA81-6747-843DA61E2D49}.Release|Any CPU.ActiveCfg = Release|Any CPU
		{9CAD1A8E-81BA-CA81-6747-843DA61E2D49}.Release|Any CPU.Build.0 = Release|Any CPU
	EndGlobalSection
	GlobalSection(SolutionProperties) = preSolution
		HideSolutionNode = FALSE
	EndGlobalSection
	GlobalSection(ExtensibilityGlobals) = postSolution
		SolutionGuid = {A5573199-49D3-42E4-A1AF-EBBD5B76BDE7}
	EndGlobalSection
EndGlobal
